
Microsoft Visual Studio Solution File, Format Version 12.00
# Visual Studio 15
VisualStudioVersion = 15.0.27004.2002
MinimumVisualStudioVersion = 10.0.40219.1
Project("{2150E333-8FDC-42A3-9474-1A3956D46DE8}") = "Realese2", "Realese2", "{15A45844-B997-46F3-9208-034F29A61BD4}"
EndProject
Project("{FAE04EC0-301F-11D3-BF4B-00C04F79EFBC}") = "ImageProcessor", "ImageProcessor\ImageProcessor.csproj", "{96318205-E512-4C9A-859D-A92E2E45672A}"
EndProject
Project("{2150E333-8FDC-42A3-9474-1A3956D46DE8}") = "Realese3", "Realese3", "{C4B026D9-E1A6-4EDA-88A9-71779C89DB14}"
EndProject
Project("{FAE04EC0-301F-11D3-BF4B-00C04F79EFBC}") = "Host", "Host\Host.csproj", "{42915D3E-9B99-41E0-9D15-2BA9C88939C5}"
EndProject
Project("{2150E333-8FDC-42A3-9474-1A3956D46DE8}") = "Contracts", "Contracts", "{E1AB5C0A-AD75-49BE-9EA6-A550EA99757F}"
EndProject
Project("{2150E333-8FDC-42A3-9474-1A3956D46DE8}") = "Implementations", "Implementations", "{2924324F-AFF3-4502-829E-E8B0A9AAF265}"
EndProject
Project("{2150E333-8FDC-42A3-9474-1A3956D46DE8}") = "Nugets", "Nugets", "{64AEDCBA-83F4-44A1-80E1-326B75067712}"
EndProject
Project("{FAE04EC0-301F-11D3-BF4B-00C04F79EFBC}") = "CommandLineParserNuGet", "CommandLineParserNuGet\CommandLineParserNuGet.csproj", "{5FC17A7D-7668-4685-8791-D5017D341023}"
EndProject
Project("{2150E333-8FDC-42A3-9474-1A3956D46DE8}") = "Providers", "Providers", "{BA9B342D-EC3F-44E2-B246-75438A2A6F89}"
EndProject
Project("{FAE04EC0-301F-11D3-BF4B-00C04F79EFBC}") = "ImageProcessingProvider", "ImageProcessingProvider\ImageProcessingProvider.csproj", "{617B9A2A-E6C4-45B5-A664-217948A81339}"
EndProject
Project("{FAE04EC0-301F-11D3-BF4B-00C04F79EFBC}") = "ImageProcessingContracts", "ImageProcessingContracts\ImageProcessingContracts.csproj", "{9CCEE11F-9E9B-4712-A330-96C04543D531}"
EndProject
Project("{FAE04EC0-301F-11D3-BF4B-00C04F79EFBC}") = "LogicModule", "LogicModule\LogicModule.csproj", "{392D20F9-BBE2-41BE-91FC-F4406FFAA0E8}"
EndProject
Global
	GlobalSection(SolutionConfigurationPlatforms) = preSolution
		Debug|Any CPU = Debug|Any CPU
		Release|Any CPU = Release|Any CPU
	EndGlobalSection
	GlobalSection(ProjectConfigurationPlatforms) = postSolution
		{96318205-E512-4C9A-859D-A92E2E45672A}.Debug|Any CPU.ActiveCfg = Debug|Any CPU
		{96318205-E512-4C9A-859D-A92E2E45672A}.Debug|Any CPU.Build.0 = Debug|Any CPU
		{96318205-E512-4C9A-859D-A92E2E45672A}.Release|Any CPU.ActiveCfg = Release|Any CPU
		{96318205-E512-4C9A-859D-A92E2E45672A}.Release|Any CPU.Build.0 = Release|Any CPU
		{42915D3E-9B99-41E0-9D15-2BA9C88939C5}.Debug|Any CPU.ActiveCfg = Debug|Any CPU
		{42915D3E-9B99-41E0-9D15-2BA9C88939C5}.Debug|Any CPU.Build.0 = Debug|Any CPU
		{42915D3E-9B99-41E0-9D15-2BA9C88939C5}.Release|Any CPU.ActiveCfg = Release|Any CPU
		{42915D3E-9B99-41E0-9D15-2BA9C88939C5}.Release|Any CPU.Build.0 = Release|Any CPU
		{5FC17A7D-7668-4685-8791-D5017D341023}.Debug|Any CPU.ActiveCfg = Debug|Any CPU
		{5FC17A7D-7668-4685-8791-D5017D341023}.Debug|Any CPU.Build.0 = Debug|Any CPU
		{5FC17A7D-7668-4685-8791-D5017D341023}.Release|Any CPU.ActiveCfg = Release|Any CPU
		{5FC17A7D-7668-4685-8791-D5017D341023}.Release|Any CPU.Build.0 = Release|Any CPU
		{617B9A2A-E6C4-45B5-A664-217948A81339}.Debug|Any CPU.ActiveCfg = Debug|Any CPU
		{617B9A2A-E6C4-45B5-A664-217948A81339}.Debug|Any CPU.Build.0 = Debug|Any CPU
		{617B9A2A-E6C4-45B5-A664-217948A81339}.Release|Any CPU.ActiveCfg = Release|Any CPU
		{617B9A2A-E6C4-45B5-A664-217948A81339}.Release|Any CPU.Build.0 = Release|Any CPU
		{9CCEE11F-9E9B-4712-A330-96C04543D531}.Debug|Any CPU.ActiveCfg = Debug|Any CPU
		{9CCEE11F-9E9B-4712-A330-96C04543D531}.Debug|Any CPU.Build.0 = Debug|Any CPU
		{9CCEE11F-9E9B-4712-A330-96C04543D531}.Release|Any CPU.ActiveCfg = Release|Any CPU
		{9CCEE11F-9E9B-4712-A330-96C04543D531}.Release|Any CPU.Build.0 = Release|Any CPU
		{392D20F9-BBE2-41BE-91FC-F4406FFAA0E8}.Debug|Any CPU.ActiveCfg = Debug|Any CPU
		{392D20F9-BBE2-41BE-91FC-F4406FFAA0E8}.Debug|Any CPU.Build.0 = Debug|Any CPU
		{392D20F9-BBE2-41BE-91FC-F4406FFAA0E8}.Release|Any CPU.ActiveCfg = Release|Any CPU
		{392D20F9-BBE2-41BE-91FC-F4406FFAA0E8}.Release|Any CPU.Build.0 = Release|Any CPU
	EndGlobalSection
	GlobalSection(SolutionProperties) = preSolution
		HideSolutionNode = FALSE
	EndGlobalSection
	GlobalSection(NestedProjects) = preSolution
		{96318205-E512-4C9A-859D-A92E2E45672A} = {15A45844-B997-46F3-9208-034F29A61BD4}
		{42915D3E-9B99-41E0-9D15-2BA9C88939C5} = {C4B026D9-E1A6-4EDA-88A9-71779C89DB14}
		{E1AB5C0A-AD75-49BE-9EA6-A550EA99757F} = {C4B026D9-E1A6-4EDA-88A9-71779C89DB14}
		{2924324F-AFF3-4502-829E-E8B0A9AAF265} = {C4B026D9-E1A6-4EDA-88A9-71779C89DB14}
		{64AEDCBA-83F4-44A1-80E1-326B75067712} = {C4B026D9-E1A6-4EDA-88A9-71779C89DB14}
		{5FC17A7D-7668-4685-8791-D5017D341023} = {64AEDCBA-83F4-44A1-80E1-326B75067712}
		{BA9B342D-EC3F-44E2-B246-75438A2A6F89} = {2924324F-AFF3-4502-829E-E8B0A9AAF265}
		{617B9A2A-E6C4-45B5-A664-217948A81339} = {BA9B342D-EC3F-44E2-B246-75438A2A6F89}
		{9CCEE11F-9E9B-4712-A330-96C04543D531} = {E1AB5C0A-AD75-49BE-9EA6-A550EA99757F}
		{392D20F9-BBE2-41BE-91FC-F4406FFAA0E8} = {2924324F-AFF3-4502-829E-E8B0A9AAF265}
	EndGlobalSection
	GlobalSection(ExtensibilityGlobals) = postSolution
		SolutionGuid = {0AFD0A9C-B053-4CE0-8907-9D0320E02836}
	EndGlobalSection
EndGlobal
